<?xml version="1.0" encoding="utf-8"?>
<Project ToolsVersion="4.0" xmlns="http://schemas.microsoft.com/developer/msbuild/2003">
  <ItemGroup>
    <Filter Include="Source Files">
      <UniqueIdentifier>{7a2a2f49-a445-4d4a-9eb6-35b0fa9affba}</UniqueIdentifier>
    </Filter>
    <Filter Include="Generated Files">
      <UniqueIdentifier>{4b8b8750-95a8-45f1-aff9-8591d6902ea7}</UniqueIdentifier>
      <SourceControlFiles>False</SourceControlFiles>
    </Filter>
  </ItemGroup>
  <ItemGroup>
    <None Include="ResizableActiveXps.def" />
  </ItemGroup>
  <ItemGroup>
    <ClCompile Include="ResizableActiveX_i.c">
      <Filter>Generated Files</Filter>
    </ClCompile>
    <ClCompile Include="ResizableActiveX_p.c">
      <Filter>Generated Files</Filter>
    </ClCompile>
    <ClCompile Include="dlldata.c">
      <Filter>Generated Files</Filter>
    </ClCompile>
  </ItemGroup>
</Project>